
Microsoft Visual Studio Solution File, Format Version 12.00
# Visual Studio 15
VisualStudioVersion = 15.0.27703.2018
MinimumVisualStudioVersion = 10.0.40219.1
Project("{FAE04EC0-301F-11D3-BF4B-00C04F79EFBC}") = "BLL", "BLL\BLL.csproj", "{A7173A15-4F9B-4A5A-B917-10092D0F2F9D}"
EndProject
Project("{FAE04EC0-301F-11D3-BF4B-00C04F79EFBC}") = "DLL", "DLL\DLL.csproj", "{7E1BB598-CA63-4B49-BDD2-6D7F65DAAD8C}"
EndProject
Project("{FAE04EC0-301F-11D3-BF4B-00C04F79EFBC}") = "Benchmark", "..\Benchmark\Benchmark\Benchmark.csproj", "{708AC5CD-35FE-445A-9763-FC3BE33DB51C}"
EndProject
Global
	GlobalSection(SolutionConfigurationPlatforms) = preSolution
		Debug|Any CPU = Debug|Any CPU
		Release|Any CPU = Release|Any CPU
	EndGlobalSection
	GlobalSection(ProjectConfigurationPlatforms) = postSolution
		{A7173A15-4F9B-4A5A-B917-10092D0F2F9D}.Debug|Any CPU.ActiveCfg = Debug|Any CPU
		{A7173A15-4F9B-4A5A-B917-10092D0F2F9D}.Debug|Any CPU.Build.0 = Debug|Any CPU
		{A7173A15-4F9B-4A5A-B917-10092D0F2F9D}.Release|Any CPU.ActiveCfg = Release|Any CPU
		{A7173A15-4F9B-4A5A-B917-10092D0F2F9D}.Release|Any CPU.Build.0 = Release|Any CPU
		{7E1BB598-CA63-4B49-BDD2-6D7F65DAAD8C}.Debug|Any CPU.ActiveCfg = Debug|Any CPU
		{7E1BB598-CA63-4B49-BDD2-6D7F65DAAD8C}.Debug|Any CPU.Build.0 = Debug|Any CPU
		{7E1BB598-CA63-4B49-BDD2-6D7F65DAAD8C}.Release|Any CPU.ActiveCfg = Release|Any CPU
		{7E1BB598-CA63-4B49-BDD2-6D7F65DAAD8C}.Release|Any CPU.Build.0 = Release|Any CPU
		{708AC5CD-35FE-445A-9763-FC3BE33DB51C}.Debug|Any CPU.ActiveCfg = Debug|Any CPU
		{708AC5CD-35FE-445A-9763-FC3BE33DB51C}.Debug|Any CPU.Build.0 = Debug|Any CPU
		{708AC5CD-35FE-445A-9763-FC3BE33DB51C}.Release|Any CPU.ActiveCfg = Release|Any CPU
		{708AC5CD-35FE-445A-9763-FC3BE33DB51C}.Release|Any CPU.Build.0 = Release|Any CPU
	EndGlobalSection
	GlobalSection(SolutionProperties) = preSolution
		HideSolutionNode = FALSE
	EndGlobalSection
	GlobalSection(ExtensibilityGlobals) = postSolution
		SolutionGuid = {0DE52369-57F0-452D-A243-024253FCBEE7}
	EndGlobalSection
EndGlobal
